{
  "originHash" : "ac48c67edb9bcefe37ba15e59adbf80946a909fcf661743ba4b756c1be5362cc",
  "pins" : [
    {
      "identity" : "animatetext",
      "kind" : "remoteSourceControl",
      "location" : "https://github.com/jasudev/AnimateText",
      "state" : {
        "revision" : "c55847e03bb3f36cf83cc217fe60ec5feda9ddd6",
        "version" : "0.5.0"
      }
    },
    {
      "identity" : "keyboardkit",
      "kind" : "remoteSourceControl",
      "location" : "https://github.com/KeyboardKit/KeyboardKit",
      "state" : {
        "revision" : "f772004fbfa4ba307579640139973f3cc83202c9",
        "version" : "10.0.0"
      }
    },
    {
      "identity" : "pow",
      "kind" : "remoteSourceControl",
      "location" : "https://github.com/EmergeTools/Pow",
      "state" : {
        "revision" : "a504eb6d144bcf49f4f33029a2795345cb39e6b4",
        "version" : "1.0.5"
      }
    },
    {
      "identity" : "vortex",
      "kind" : "remoteSourceControl",
      "location" : "https://github.com/twostraws/Vortex",
      "state" : {
        "revision" : "9d9d9016ceace579455f01f8e0bd59facae7d252",
        "version" : "1.0.4"
      }
    }
  ],
  "version" : 3
}
